
Microsoft Visual Studio Solution File, Format Version 12.00
# Visual Studio Version 17
VisualStudioVersion = 17.4.33213.308
MinimumVisualStudioVersion = 10.0.40219.1
Project("{FAE04EC0-301F-11D3-BF4B-00C04F79EFBC}") = "TestEntityCoreAuthorsBooks", "TestEntityCoreAuthorsBooks\TestEntityCoreAuthorsBooks.csproj", "{DAC4ED02-D5DE-45D4-9803-9952996675FD}"
EndProject
Global
	GlobalSection(SolutionConfigurationPlatforms) = preSolution
		Debug|Any CPU = Debug|Any CPU
		Release|Any CPU = Release|Any CPU
	EndGlobalSection
	GlobalSection(ProjectConfigurationPlatforms) = postSolution
		{DAC4ED02-D5DE-45D4-9803-9952996675FD}.Debug|Any CPU.ActiveCfg = Debug|Any CPU
		{DAC4ED02-D5DE-45D4-9803-9952996675FD}.Debug|Any CPU.Build.0 = Debug|Any CPU
		{DAC4ED02-D5DE-45D4-9803-9952996675FD}.Release|Any CPU.ActiveCfg = Release|Any CPU
		{DAC4ED02-D5DE-45D4-9803-9952996675FD}.Release|Any CPU.Build.0 = Release|Any CPU
	EndGlobalSection
	GlobalSection(SolutionProperties) = preSolution
		HideSolutionNode = FALSE
	EndGlobalSection
	GlobalSection(ExtensibilityGlobals) = postSolution
		SolutionGuid = {00957E14-787F-47C8-9166-342E32DDDD04}
	EndGlobalSection
EndGlobal
